
Microsoft Visual Studio Solution File, Format Version 12.00
# Visual Studio 15
VisualStudioVersion = 15.0.27130.2010
MinimumVisualStudioVersion = 10.0.40219.1
Project("{9A19103F-16F7-4668-BE54-9A1E7A4F7556}") = "Hotel", "Homework\Hotel.csproj", "{7799F7BA-45DE-41D0-A945-84BB6B51DE50}"
EndProject
Project("{9A19103F-16F7-4668-BE54-9A1E7A4F7556}") = "World In Plural", "World In Plural\World In Plural.csproj", "{7AD90992-C505-4D47-A9BF-C3EA5C98158F}"
EndProject
Project("{FAE04EC0-301F-11D3-BF4B-00C04F79EFBC}") = "caloriesCounter", "caloriesCounter\caloriesCounter.csproj", "{DEF748E3-5640-4815-81ED-2CC38A43759E}"
EndProject
Project("{FAE04EC0-301F-11D3-BF4B-00C04F79EFBC}") = "testProject", "testProject\testProject.csproj", "{D73703AA-5DFB-4E7F-B792-A8951A8684C2}"
EndProject
Project("{FAE04EC0-301F-11D3-BF4B-00C04F79EFBC}") = "caloriesCounters", "caloriesCounters\caloriesCounters.csproj", "{D86370E7-72A4-41A7-9BC6-8B152A1F72C0}"
EndProject
Project("{FAE04EC0-301F-11D3-BF4B-00C04F79EFBC}") = "countTheIntegers", "countTheIntegers\countTheIntegers.csproj", "{8934A4E3-C1B1-4D8B-8FF2-D13EA26C8206}"
EndProject
Project("{FAE04EC0-301F-11D3-BF4B-00C04F79EFBC}") = "triangleOfNumbers", "triangleOfNumbers\triangleOfNumbers.csproj", "{5435B83A-1C57-446F-8088-11719EE31F34}"
EndProject
Project("{FAE04EC0-301F-11D3-BF4B-00C04F79EFBC}") = "differentNumbers", "differentNumbers\differentNumbers.csproj", "{2A83F64D-3AEE-41D7-AC4A-AB844F213D51}"
EndProject
Project("{FAE04EC0-301F-11D3-BF4B-00C04F79EFBC}") = "testNumbers", "testNumbers\testNumbers.csproj", "{87E1A4DC-280E-42C5-9E6E-30F47B167406}"
EndProject
Global
	GlobalSection(SolutionConfigurationPlatforms) = preSolution
		Debug|Any CPU = Debug|Any CPU
		Release|Any CPU = Release|Any CPU
	EndGlobalSection
	GlobalSection(ProjectConfigurationPlatforms) = postSolution
		{7799F7BA-45DE-41D0-A945-84BB6B51DE50}.Debug|Any CPU.ActiveCfg = Debug|Any CPU
		{7799F7BA-45DE-41D0-A945-84BB6B51DE50}.Debug|Any CPU.Build.0 = Debug|Any CPU
		{7799F7BA-45DE-41D0-A945-84BB6B51DE50}.Release|Any CPU.ActiveCfg = Release|Any CPU
		{7799F7BA-45DE-41D0-A945-84BB6B51DE50}.Release|Any CPU.Build.0 = Release|Any CPU
		{7AD90992-C505-4D47-A9BF-C3EA5C98158F}.Debug|Any CPU.ActiveCfg = Debug|Any CPU
		{7AD90992-C505-4D47-A9BF-C3EA5C98158F}.Debug|Any CPU.Build.0 = Debug|Any CPU
		{7AD90992-C505-4D47-A9BF-C3EA5C98158F}.Release|Any CPU.ActiveCfg = Release|Any CPU
		{7AD90992-C505-4D47-A9BF-C3EA5C98158F}.Release|Any CPU.Build.0 = Release|Any CPU
		{DEF748E3-5640-4815-81ED-2CC38A43759E}.Debug|Any CPU.ActiveCfg = Debug|Any CPU
		{DEF748E3-5640-4815-81ED-2CC38A43759E}.Debug|Any CPU.Build.0 = Debug|Any CPU
		{DEF748E3-5640-4815-81ED-2CC38A43759E}.Release|Any CPU.ActiveCfg = Release|Any CPU
		{DEF748E3-5640-4815-81ED-2CC38A43759E}.Release|Any CPU.Build.0 = Release|Any CPU
		{D73703AA-5DFB-4E7F-B792-A8951A8684C2}.Debug|Any CPU.ActiveCfg = Debug|Any CPU
		{D73703AA-5DFB-4E7F-B792-A8951A8684C2}.Debug|Any CPU.Build.0 = Debug|Any CPU
		{D73703AA-5DFB-4E7F-B792-A8951A8684C2}.Release|Any CPU.ActiveCfg = Release|Any CPU
		{D73703AA-5DFB-4E7F-B792-A8951A8684C2}.Release|Any CPU.Build.0 = Release|Any CPU
		{D86370E7-72A4-41A7-9BC6-8B152A1F72C0}.Debug|Any CPU.ActiveCfg = Debug|Any CPU
		{D86370E7-72A4-41A7-9BC6-8B152A1F72C0}.Debug|Any CPU.Build.0 = Debug|Any CPU
		{D86370E7-72A4-41A7-9BC6-8B152A1F72C0}.Release|Any CPU.ActiveCfg = Release|Any CPU
		{D86370E7-72A4-41A7-9BC6-8B152A1F72C0}.Release|Any CPU.Build.0 = Release|Any CPU
		{8934A4E3-C1B1-4D8B-8FF2-D13EA26C8206}.Debug|Any CPU.ActiveCfg = Debug|Any CPU
		{8934A4E3-C1B1-4D8B-8FF2-D13EA26C8206}.Debug|Any CPU.Build.0 = Debug|Any CPU
		{8934A4E3-C1B1-4D8B-8FF2-D13EA26C8206}.Release|Any CPU.ActiveCfg = Release|Any CPU
		{8934A4E3-C1B1-4D8B-8FF2-D13EA26C8206}.Release|Any CPU.Build.0 = Release|Any CPU
		{5435B83A-1C57-446F-8088-11719EE31F34}.Debug|Any CPU.ActiveCfg = Debug|Any CPU
		{5435B83A-1C57-446F-8088-11719EE31F34}.Debug|Any CPU.Build.0 = Debug|Any CPU
		{5435B83A-1C57-446F-8088-11719EE31F34}.Release|Any CPU.ActiveCfg = Release|Any CPU
		{5435B83A-1C57-446F-8088-11719EE31F34}.Release|Any CPU.Build.0 = Release|Any CPU
		{2A83F64D-3AEE-41D7-AC4A-AB844F213D51}.Debug|Any CPU.ActiveCfg = Debug|Any CPU
		{2A83F64D-3AEE-41D7-AC4A-AB844F213D51}.Debug|Any CPU.Build.0 = Debug|Any CPU
		{2A83F64D-3AEE-41D7-AC4A-AB844F213D51}.Release|Any CPU.ActiveCfg = Release|Any CPU
		{2A83F64D-3AEE-41D7-AC4A-AB844F213D51}.Release|Any CPU.Build.0 = Release|Any CPU
		{87E1A4DC-280E-42C5-9E6E-30F47B167406}.Debug|Any CPU.ActiveCfg = Debug|Any CPU
		{87E1A4DC-280E-42C5-9E6E-30F47B167406}.Debug|Any CPU.Build.0 = Debug|Any CPU
		{87E1A4DC-280E-42C5-9E6E-30F47B167406}.Release|Any CPU.ActiveCfg = Release|Any CPU
		{87E1A4DC-280E-42C5-9E6E-30F47B167406}.Release|Any CPU.Build.0 = Release|Any CPU
	EndGlobalSection
	GlobalSection(SolutionProperties) = preSolution
		HideSolutionNode = FALSE
	EndGlobalSection
	GlobalSection(ExtensibilityGlobals) = postSolution
		SolutionGuid = {DBB8E843-5DEF-4B2A-BAF8-3A8818435A8F}
	EndGlobalSection
EndGlobal
