
Microsoft Visual Studio Solution File, Format Version 12.00
# Visual Studio 15
VisualStudioVersion = 15.0.27130.2010
MinimumVisualStudioVersion = 10.0.40219.1
Project("{FAE04EC0-301F-11D3-BF4B-00C04F79EFBC}") = "PracticeIntegerNumbers", "PracticeIntegerNumbers\PracticeIntegerNumbers.csproj", "{87669365-6CC3-4630-B745-536BA6172276}"
EndProject
Project("{FAE04EC0-301F-11D3-BF4B-00C04F79EFBC}") = "PracticeFloatingNumbers", "PracticeFloatingNumbers\PracticeFloatingNumbers.csproj", "{D7C353BB-8F49-4190-AF48-27DE56363896}"
EndProject
Project("{FAE04EC0-301F-11D3-BF4B-00C04F79EFBC}") = "PracticeCharsAndStrings", "PracticeCharsAndStrings\PracticeCharsAndStrings.csproj", "{473367D8-EBB2-40A2-B2D6-50E58597E3D3}"
EndProject
Project("{FAE04EC0-301F-11D3-BF4B-00C04F79EFBC}") = "VariableInHEXFormat", "VariableInHEXFormat\VariableInHEXFormat.csproj", "{3E2D0AE7-ED86-4320-BF03-F6A92C512757}"
EndProject
Project("{FAE04EC0-301F-11D3-BF4B-00C04F79EFBC}") = "BooleanVariable", "BooleanVariable\BooleanVariable.csproj", "{BDB9B9F0-C564-4569-A3AB-ED2BEB2274A8}"
EndProject
Global
	GlobalSection(SolutionConfigurationPlatforms) = preSolution
		Debug|Any CPU = Debug|Any CPU
		Release|Any CPU = Release|Any CPU
	EndGlobalSection
	GlobalSection(ProjectConfigurationPlatforms) = postSolution
		{87669365-6CC3-4630-B745-536BA6172276}.Debug|Any CPU.ActiveCfg = Debug|Any CPU
		{87669365-6CC3-4630-B745-536BA6172276}.Debug|Any CPU.Build.0 = Debug|Any CPU
		{87669365-6CC3-4630-B745-536BA6172276}.Release|Any CPU.ActiveCfg = Release|Any CPU
		{87669365-6CC3-4630-B745-536BA6172276}.Release|Any CPU.Build.0 = Release|Any CPU
		{D7C353BB-8F49-4190-AF48-27DE56363896}.Debug|Any CPU.ActiveCfg = Debug|Any CPU
		{D7C353BB-8F49-4190-AF48-27DE56363896}.Debug|Any CPU.Build.0 = Debug|Any CPU
		{D7C353BB-8F49-4190-AF48-27DE56363896}.Release|Any CPU.ActiveCfg = Release|Any CPU
		{D7C353BB-8F49-4190-AF48-27DE56363896}.Release|Any CPU.Build.0 = Release|Any CPU
		{473367D8-EBB2-40A2-B2D6-50E58597E3D3}.Debug|Any CPU.ActiveCfg = Debug|Any CPU
		{473367D8-EBB2-40A2-B2D6-50E58597E3D3}.Debug|Any CPU.Build.0 = Debug|Any CPU
		{473367D8-EBB2-40A2-B2D6-50E58597E3D3}.Release|Any CPU.ActiveCfg = Release|Any CPU
		{473367D8-EBB2-40A2-B2D6-50E58597E3D3}.Release|Any CPU.Build.0 = Release|Any CPU
		{3E2D0AE7-ED86-4320-BF03-F6A92C512757}.Debug|Any CPU.ActiveCfg = Debug|Any CPU
		{3E2D0AE7-ED86-4320-BF03-F6A92C512757}.Debug|Any CPU.Build.0 = Debug|Any CPU
		{3E2D0AE7-ED86-4320-BF03-F6A92C512757}.Release|Any CPU.ActiveCfg = Release|Any CPU
		{3E2D0AE7-ED86-4320-BF03-F6A92C512757}.Release|Any CPU.Build.0 = Release|Any CPU
		{BDB9B9F0-C564-4569-A3AB-ED2BEB2274A8}.Debug|Any CPU.ActiveCfg = Debug|Any CPU
		{BDB9B9F0-C564-4569-A3AB-ED2BEB2274A8}.Debug|Any CPU.Build.0 = Debug|Any CPU
		{BDB9B9F0-C564-4569-A3AB-ED2BEB2274A8}.Release|Any CPU.ActiveCfg = Release|Any CPU
		{BDB9B9F0-C564-4569-A3AB-ED2BEB2274A8}.Release|Any CPU.Build.0 = Release|Any CPU
	EndGlobalSection
	GlobalSection(SolutionProperties) = preSolution
		HideSolutionNode = FALSE
	EndGlobalSection
	GlobalSection(ExtensibilityGlobals) = postSolution
		SolutionGuid = {8468F67B-749D-435E-81D2-109279C8BFA0}
	EndGlobalSection
EndGlobal
