
Microsoft Visual Studio Solution File, Format Version 12.00
# Visual Studio 15
VisualStudioVersion = 15.0.27130.2010
MinimumVisualStudioVersion = 10.0.40219.1
Project("{9A19103F-16F7-4668-BE54-9A1E7A4F7556}") = "HelloName", "HelloName\HelloName.csproj", "{485BE588-9E74-49B9-9853-34D4C39670B7}"
EndProject
Project("{9A19103F-16F7-4668-BE54-9A1E7A4F7556}") = "MaxMethod", "MaxMethod\MaxMethod.csproj", "{D1D1517D-0942-4B89-8592-49FFC975B3AB}"
EndProject
Project("{9A19103F-16F7-4668-BE54-9A1E7A4F7556}") = "EnglishNameOfLastDigit", "EnglishNameOfLastDigit\EnglishNameOfLastDigit.csproj", "{A48E75A5-AD9C-4A4B-98FE-EC00C47530CC}"
EndProject
Project("{9A19103F-16F7-4668-BE54-9A1E7A4F7556}") = "NumbersInReversedOrder", "NumbersInReversedOrder\NumbersInReversedOrder.csproj", "{87AC6928-500B-4CEF-9E82-BF5330312ADA}"
EndProject
Project("{9A19103F-16F7-4668-BE54-9A1E7A4F7556}") = "Fibonacci", "Fibonacci\Fibonacci.csproj", "{277F4ECD-41EC-4E36-A33A-6CAE9F777E57}"
EndProject
Project("{9A19103F-16F7-4668-BE54-9A1E7A4F7556}") = "PrimeChecker", "PrimeChecker\PrimeChecker.csproj", "{C403B8A3-7071-4866-9836-43C10C8A86F6}"
EndProject
Project("{FAE04EC0-301F-11D3-BF4B-00C04F79EFBC}") = "PrimesInGivenRange", "PrimesInGivenRange\PrimesInGivenRange.csproj", "{E857FF18-AE53-47BB-90AD-36991E6B653D}"
EndProject
Project("{FAE04EC0-301F-11D3-BF4B-00C04F79EFBC}") = "CenterPoint", "CenterPoint\CenterPoint.csproj", "{3BC66A66-A3D0-4A47-96D5-5A0C6D9F7F89}"
EndProject
Project("{FAE04EC0-301F-11D3-BF4B-00C04F79EFBC}") = "LongerLine", "LongerLine\LongerLine.csproj", "{AD867B77-A922-4A0E-9182-3CAFDEFD20B9}"
EndProject
Project("{FAE04EC0-301F-11D3-BF4B-00C04F79EFBC}") = "CubeProperties", "CubeProperties\CubeProperties.csproj", "{6A734F96-F1EF-42F8-8049-DF1CD91DEBD9}"
EndProject
Global
	GlobalSection(SolutionConfigurationPlatforms) = preSolution
		Debug|Any CPU = Debug|Any CPU
		Release|Any CPU = Release|Any CPU
	EndGlobalSection
	GlobalSection(ProjectConfigurationPlatforms) = postSolution
		{485BE588-9E74-49B9-9853-34D4C39670B7}.Debug|Any CPU.ActiveCfg = Debug|Any CPU
		{485BE588-9E74-49B9-9853-34D4C39670B7}.Debug|Any CPU.Build.0 = Debug|Any CPU
		{485BE588-9E74-49B9-9853-34D4C39670B7}.Release|Any CPU.ActiveCfg = Release|Any CPU
		{485BE588-9E74-49B9-9853-34D4C39670B7}.Release|Any CPU.Build.0 = Release|Any CPU
		{D1D1517D-0942-4B89-8592-49FFC975B3AB}.Debug|Any CPU.ActiveCfg = Debug|Any CPU
		{D1D1517D-0942-4B89-8592-49FFC975B3AB}.Debug|Any CPU.Build.0 = Debug|Any CPU
		{D1D1517D-0942-4B89-8592-49FFC975B3AB}.Release|Any CPU.ActiveCfg = Release|Any CPU
		{D1D1517D-0942-4B89-8592-49FFC975B3AB}.Release|Any CPU.Build.0 = Release|Any CPU
		{A48E75A5-AD9C-4A4B-98FE-EC00C47530CC}.Debug|Any CPU.ActiveCfg = Debug|Any CPU
		{A48E75A5-AD9C-4A4B-98FE-EC00C47530CC}.Debug|Any CPU.Build.0 = Debug|Any CPU
		{A48E75A5-AD9C-4A4B-98FE-EC00C47530CC}.Release|Any CPU.ActiveCfg = Release|Any CPU
		{A48E75A5-AD9C-4A4B-98FE-EC00C47530CC}.Release|Any CPU.Build.0 = Release|Any CPU
		{87AC6928-500B-4CEF-9E82-BF5330312ADA}.Debug|Any CPU.ActiveCfg = Debug|Any CPU
		{87AC6928-500B-4CEF-9E82-BF5330312ADA}.Debug|Any CPU.Build.0 = Debug|Any CPU
		{87AC6928-500B-4CEF-9E82-BF5330312ADA}.Release|Any CPU.ActiveCfg = Release|Any CPU
		{87AC6928-500B-4CEF-9E82-BF5330312ADA}.Release|Any CPU.Build.0 = Release|Any CPU
		{277F4ECD-41EC-4E36-A33A-6CAE9F777E57}.Debug|Any CPU.ActiveCfg = Debug|Any CPU
		{277F4ECD-41EC-4E36-A33A-6CAE9F777E57}.Debug|Any CPU.Build.0 = Debug|Any CPU
		{277F4ECD-41EC-4E36-A33A-6CAE9F777E57}.Release|Any CPU.ActiveCfg = Release|Any CPU
		{277F4ECD-41EC-4E36-A33A-6CAE9F777E57}.Release|Any CPU.Build.0 = Release|Any CPU
		{C403B8A3-7071-4866-9836-43C10C8A86F6}.Debug|Any CPU.ActiveCfg = Debug|Any CPU
		{C403B8A3-7071-4866-9836-43C10C8A86F6}.Debug|Any CPU.Build.0 = Debug|Any CPU
		{C403B8A3-7071-4866-9836-43C10C8A86F6}.Release|Any CPU.ActiveCfg = Release|Any CPU
		{C403B8A3-7071-4866-9836-43C10C8A86F6}.Release|Any CPU.Build.0 = Release|Any CPU
		{E857FF18-AE53-47BB-90AD-36991E6B653D}.Debug|Any CPU.ActiveCfg = Debug|Any CPU
		{E857FF18-AE53-47BB-90AD-36991E6B653D}.Debug|Any CPU.Build.0 = Debug|Any CPU
		{E857FF18-AE53-47BB-90AD-36991E6B653D}.Release|Any CPU.ActiveCfg = Release|Any CPU
		{E857FF18-AE53-47BB-90AD-36991E6B653D}.Release|Any CPU.Build.0 = Release|Any CPU
		{3BC66A66-A3D0-4A47-96D5-5A0C6D9F7F89}.Debug|Any CPU.ActiveCfg = Debug|Any CPU
		{3BC66A66-A3D0-4A47-96D5-5A0C6D9F7F89}.Debug|Any CPU.Build.0 = Debug|Any CPU
		{3BC66A66-A3D0-4A47-96D5-5A0C6D9F7F89}.Release|Any CPU.ActiveCfg = Release|Any CPU
		{3BC66A66-A3D0-4A47-96D5-5A0C6D9F7F89}.Release|Any CPU.Build.0 = Release|Any CPU
		{AD867B77-A922-4A0E-9182-3CAFDEFD20B9}.Debug|Any CPU.ActiveCfg = Debug|Any CPU
		{AD867B77-A922-4A0E-9182-3CAFDEFD20B9}.Debug|Any CPU.Build.0 = Debug|Any CPU
		{AD867B77-A922-4A0E-9182-3CAFDEFD20B9}.Release|Any CPU.ActiveCfg = Release|Any CPU
		{AD867B77-A922-4A0E-9182-3CAFDEFD20B9}.Release|Any CPU.Build.0 = Release|Any CPU
		{6A734F96-F1EF-42F8-8049-DF1CD91DEBD9}.Debug|Any CPU.ActiveCfg = Debug|Any CPU
		{6A734F96-F1EF-42F8-8049-DF1CD91DEBD9}.Debug|Any CPU.Build.0 = Debug|Any CPU
		{6A734F96-F1EF-42F8-8049-DF1CD91DEBD9}.Release|Any CPU.ActiveCfg = Release|Any CPU
		{6A734F96-F1EF-42F8-8049-DF1CD91DEBD9}.Release|Any CPU.Build.0 = Release|Any CPU
	EndGlobalSection
	GlobalSection(SolutionProperties) = preSolution
		HideSolutionNode = FALSE
	EndGlobalSection
	GlobalSection(ExtensibilityGlobals) = postSolution
		SolutionGuid = {EEA7B926-FE24-431C-BBEB-25467BB2997B}
	EndGlobalSection
EndGlobal
